// !$*UTF8*$!
{
	archiveVersion = 1;
	classes = {
	};
	objectVersion = 48;
	objects = {

/* Begin PBXBuildFile section */
		6326EB1B0CBCD4FD82646FE5 /* libPods-YLEpubReaderUITests.a in Frameworks */ = {isa = PBXBuildFile; fileRef = 78F2FA183F137B79791BB807 /* libPods-YLEpubReaderUITests.a */; };
		6D058CA5208C6DCC00340A49 /* UIView+AOP.m in Sources */ = {isa = PBXBuildFile; fileRef = 6D058CA3208C6DCC00340A49 /* UIView+AOP.m */; };
		6D39040A2071D15B00348EAE /* column.html in Resources */ = {isa = PBXBuildFile; fileRef = 6D3904092071D15B00348EAE /* column.html */; };
		6D4C1E6F2070E0BE00F897E4 /* AppDelegate.m in Sources */ = {isa = PBXBuildFile; fileRef = 6D4C1E6E2070E0BE00F897E4 /* AppDelegate.m */; };
		6D4C1E722070E0BE00F897E4 /* ViewController.m in Sources */ = {isa = PBXBuildFile; fileRef = 6D4C1E712070E0BE00F897E4 /* ViewController.m */; };
		6D4C1E772070E0BE00F897E4 /* Assets.xcassets in Resources */ = {isa = PBXBuildFile; fileRef = 6D4C1E762070E0BE00F897E4 /* Assets.xcassets */; };
		6D4C1E7D2070E0BE00F897E4 /* main.m in Sources */ = {isa = PBXBuildFile; fileRef = 6D4C1E7C2070E0BE00F897E4 /* main.m */; };
		6D4C1E872070E0BE00F897E4 /* YLEpubReaderTests.m in Sources */ = {isa = PBXBuildFile; fileRef = 6D4C1E862070E0BE00F897E4 /* YLEpubReaderTests.m */; };
		6D4C1E922070E0BE00F897E4 /* YLEpubReaderUITests.m in Sources */ = {isa = PBXBuildFile; fileRef = 6D4C1E912070E0BE00F897E4 /* YLEpubReaderUITests.m */; };
		6D4C1EA12070E2E000F897E4 /* YLTestViewController.m in Sources */ = {isa = PBXBuildFile; fileRef = 6D4C1EA02070E2E000F897E4 /* YLTestViewController.m */; };
		6D5D85AE208239A200D8D902 /* 陈二狗的妖孽人生.epub in Resources */ = {isa = PBXBuildFile; fileRef = 6D5D85AD208239A200D8D902 /* 陈二狗的妖孽人生.epub */; };
		6D5D85B120823A8900D8D902 /* YLEpubManager.m in Sources */ = {isa = PBXBuildFile; fileRef = 6D5D85B020823A8900D8D902 /* YLEpubManager.m */; };
		6D5D85B42082400600D8D902 /* YLEpub.m in Sources */ = {isa = PBXBuildFile; fileRef = 6D5D85B32082400600D8D902 /* YLEpub.m */; };
		6D5D85B72082E52900D8D902 /* YLXMLManager.m in Sources */ = {isa = PBXBuildFile; fileRef = 6D5D85B62082E52900D8D902 /* YLXMLManager.m */; };
		6D5D85BE2082F60C00D8D902 /* YLBaseViewController.m in Sources */ = {isa = PBXBuildFile; fileRef = 6D5D85BD2082F60C00D8D902 /* YLBaseViewController.m */; };
		6D5D85C12082F62300D8D902 /* YLNavigationController.m in Sources */ = {isa = PBXBuildFile; fileRef = 6D5D85C02082F62300D8D902 /* YLNavigationController.m */; };
		6D5D85C42082F64700D8D902 /* YLBookShelfController.m in Sources */ = {isa = PBXBuildFile; fileRef = 6D5D85C32082F64700D8D902 /* YLBookShelfController.m */; };
		6D5D85C72082FA8900D8D902 /* YLBookShelfCell.m in Sources */ = {isa = PBXBuildFile; fileRef = 6D5D85C62082FA8900D8D902 /* YLBookShelfCell.m */; };
		6D5D85CB208390EA00D8D902 /* YLBookReadController.m in Sources */ = {isa = PBXBuildFile; fileRef = 6D5D85CA208390EA00D8D902 /* YLBookReadController.m */; };
		6D5D85CE2083915000D8D902 /* YLBookContentController.m in Sources */ = {isa = PBXBuildFile; fileRef = 6D5D85CD2083915000D8D902 /* YLBookContentController.m */; };
		6DF981D4207C693F009AE2C0 /* chapter_269231114.xhtml in Resources */ = {isa = PBXBuildFile; fileRef = 6DF981D3207C693F009AE2C0 /* chapter_269231114.xhtml */; };
		6DF981D6207C6A1C009AE2C0 /* stylesheet.css in Resources */ = {isa = PBXBuildFile; fileRef = 6DF981D5207C6A1C009AE2C0 /* stylesheet.css */; };
		7F9E4232F1B439C521320F0F /* libPods-YLEpubReaderTests.a in Frameworks */ = {isa = PBXBuildFile; fileRef = FE6E0CD90F7F8F2CFAC6FF6B /* libPods-YLEpubReaderTests.a */; };
		D4D24FF06F02E35D31BD4602 /* libPods-YLEpubReader.a in Frameworks */ = {isa = PBXBuildFile; fileRef = DAD13BA8329CB8C178385CC8 /* libPods-YLEpubReader.a */; };
/* End PBXBuildFile section */

/* Begin PBXContainerItemProxy section */
		6D4C1E832070E0BE00F897E4 /* PBXContainerItemProxy */ = {
			isa = PBXContainerItemProxy;
			containerPortal = 6D4C1E622070E0BE00F897E4 /* Project object */;
			proxyType = 1;
			remoteGlobalIDString = 6D4C1E692070E0BE00F897E4;
			remoteInfo = YLEpubReader;
		};
		6D4C1E8E2070E0BE00F897E4 /* PBXContainerItemProxy */ = {
			isa = PBXContainerItemProxy;
			containerPortal = 6D4C1E622070E0BE00F897E4 /* Project object */;
			proxyType = 1;
			remoteGlobalIDString = 6D4C1E692070E0BE00F897E4;
			remoteInfo = YLEpubReader;
		};
/* End PBXContainerItemProxy section */

/* Begin PBXFileReference section */
		012102435F144E540D373DCA /* Pods-YLEpubReaderUITests.release.xcconfig */ = {isa = PBXFileReference; includeInIndex = 1; lastKnownFileType = text.xcconfig; name = "Pods-YLEpubReaderUITests.release.xcconfig"; path = "Pods/Target Support Files/Pods-YLEpubReaderUITests/Pods-YLEpubReaderUITests.release.xcconfig"; sourceTree = "<group>"; };
		0AB2DE01A6B0ACB9221692A3 /* Pods-YLEpubReaderTests.release.xcconfig */ = {isa = PBXFileReference; includeInIndex = 1; lastKnownFileType = text.xcconfig; name = "Pods-YLEpubReaderTests.release.xcconfig"; path = "Pods/Target Support Files/Pods-YLEpubReaderTests/Pods-YLEpubReaderTests.release.xcconfig"; sourceTree = "<group>"; };
		4B941FD416176B36F0EB707D /* Pods-YLEpubReaderUITests.debug.xcconfig */ = {isa = PBXFileReference; includeInIndex = 1; lastKnownFileType = text.xcconfig; name = "Pods-YLEpubReaderUITests.debug.xcconfig"; path = "Pods/Target Support Files/Pods-YLEpubReaderUITests/Pods-YLEpubReaderUITests.debug.xcconfig"; sourceTree = "<group>"; };
		60ADB4485AE588B3C7BA0BAD /* Pods-YLEpubReader.release.xcconfig */ = {isa = PBXFileReference; includeInIndex = 1; lastKnownFileType = text.xcconfig; name = "Pods-YLEpubReader.release.xcconfig"; path = "Pods/Target Support Files/Pods-YLEpubReader/Pods-YLEpubReader.release.xcconfig"; sourceTree = "<group>"; };
		6D058CA3208C6DCC00340A49 /* UIView+AOP.m */ = {isa = PBXFileReference; fileEncoding = 4; lastKnownFileType = sourcecode.c.objc; path = "UIView+AOP.m"; sourceTree = "<group>"; };
		6D058CA4208C6DCC00340A49 /* UIView+AOP.h */ = {isa = PBXFileReference; fileEncoding = 4; lastKnownFileType = sourcecode.c.h; path = "UIView+AOP.h"; sourceTree = "<group>"; };
		6D3904092071D15B00348EAE /* column.html */ = {isa = PBXFileReference; fileEncoding = 4; lastKnownFileType = text.html; path = column.html; sourceTree = "<group>"; };
		6D4C1E6A2070E0BE00F897E4 /* YLEpubReader.app */ = {isa = PBXFileReference; explicitFileType = wrapper.application; includeInIndex = 0; path = YLEpubReader.app; sourceTree = BUILT_PRODUCTS_DIR; };
		6D4C1E6D2070E0BE00F897E4 /* AppDelegate.h */ = {isa = PBXFileReference; lastKnownFileType = sourcecode.c.h; path = AppDelegate.h; sourceTree = "<group>"; };
		6D4C1E6E2070E0BE00F897E4 /* AppDelegate.m */ = {isa = PBXFileReference; lastKnownFileType = sourcecode.c.objc; path = AppDelegate.m; sourceTree = "<group>"; };
		6D4C1E702070E0BE00F897E4 /* ViewController.h */ = {isa = PBXFileReference; lastKnownFileType = sourcecode.c.h; path = ViewController.h; sourceTree = "<group>"; };
		6D4C1E712070E0BE00F897E4 /* ViewController.m */ = {isa = PBXFileReference; lastKnownFileType = sourcecode.c.objc; path = ViewController.m; sourceTree = "<group>"; };
		6D4C1E762070E0BE00F897E4 /* Assets.xcassets */ = {isa = PBXFileReference; lastKnownFileType = folder.assetcatalog; path = Assets.xcassets; sourceTree = "<group>"; };
		6D4C1E7B2070E0BE00F897E4 /* Info.plist */ = {isa = PBXFileReference; lastKnownFileType = text.plist.xml; path = Info.plist; sourceTree = "<group>"; };
		6D4C1E7C2070E0BE00F897E4 /* main.m */ = {isa = PBXFileReference; lastKnownFileType = sourcecode.c.objc; path = main.m; sourceTree = "<group>"; };
		6D4C1E822070E0BE00F897E4 /* YLEpubReaderTests.xctest */ = {isa = PBXFileReference; explicitFileType = wrapper.cfbundle; includeInIndex = 0; path = YLEpubReaderTests.xctest; sourceTree = BUILT_PRODUCTS_DIR; };
		6D4C1E862070E0BE00F897E4 /* YLEpubReaderTests.m */ = {isa = PBXFileReference; lastKnownFileType = sourcecode.c.objc; path = YLEpubReaderTests.m; sourceTree = "<group>"; };
		6D4C1E882070E0BE00F897E4 /* Info.plist */ = {isa = PBXFileReference; lastKnownFileType = text.plist.xml; path = Info.plist; sourceTree = "<group>"; };
		6D4C1E8D2070E0BE00F897E4 /* YLEpubReaderUITests.xctest */ = {isa = PBXFileReference; explicitFileType = wrapper.cfbundle; includeInIndex = 0; path = YLEpubReaderUITests.xctest; sourceTree = BUILT_PRODUCTS_DIR; };
		6D4C1E912070E0BE00F897E4 /* YLEpubReaderUITests.m */ = {isa = PBXFileReference; lastKnownFileType = sourcecode.c.objc; path = YLEpubReaderUITests.m; sourceTree = "<group>"; };
		6D4C1E932070E0BE00F897E4 /* Info.plist */ = {isa = PBXFileReference; lastKnownFileType = text.plist.xml; path = Info.plist; sourceTree = "<group>"; };
		6D4C1E9F2070E2E000F897E4 /* YLTestViewController.h */ = {isa = PBXFileReference; lastKnownFileType = sourcecode.c.h; path = YLTestViewController.h; sourceTree = "<group>"; };
		6D4C1EA02070E2E000F897E4 /* YLTestViewController.m */ = {isa = PBXFileReference; lastKnownFileType = sourcecode.c.objc; path = YLTestViewController.m; sourceTree = "<group>"; };
		6D5D85AD208239A200D8D902 /* 陈二狗的妖孽人生.epub */ = {isa = PBXFileReference; lastKnownFileType = file; path = "陈二狗的妖孽人生.epub"; sourceTree = "<group>"; };
		6D5D85AF20823A8900D8D902 /* YLEpubManager.h */ = {isa = PBXFileReference; lastKnownFileType = sourcecode.c.h; path = YLEpubManager.h; sourceTree = "<group>"; };
		6D5D85B020823A8900D8D902 /* YLEpubManager.m */ = {isa = PBXFileReference; lastKnownFileType = sourcecode.c.objc; path = YLEpubManager.m; sourceTree = "<group>"; };
		6D5D85B22082400600D8D902 /* YLEpub.h */ = {isa = PBXFileReference; lastKnownFileType = sourcecode.c.h; path = YLEpub.h; sourceTree = "<group>"; };
		6D5D85B32082400600D8D902 /* YLEpub.m */ = {isa = PBXFileReference; lastKnownFileType = sourcecode.c.objc; path = YLEpub.m; sourceTree = "<group>"; };
		6D5D85B52082E52900D8D902 /* YLXMLManager.h */ = {isa = PBXFileReference; lastKnownFileType = sourcecode.c.h; path = YLXMLManager.h; sourceTree = "<group>"; };
		6D5D85B62082E52900D8D902 /* YLXMLManager.m */ = {isa = PBXFileReference; lastKnownFileType = sourcecode.c.objc; path = YLXMLManager.m; sourceTree = "<group>"; };
		6D5D85BC2082F60C00D8D902 /* YLBaseViewController.h */ = {isa = PBXFileReference; lastKnownFileType = sourcecode.c.h; path = YLBaseViewController.h; sourceTree = "<group>"; };
		6D5D85BD2082F60C00D8D902 /* YLBaseViewController.m */ = {isa = PBXFileReference; lastKnownFileType = sourcecode.c.objc; path = YLBaseViewController.m; sourceTree = "<group>"; };
		6D5D85BF2082F62300D8D902 /* YLNavigationController.h */ = {isa = PBXFileReference; lastKnownFileType = sourcecode.c.h; path = YLNavigationController.h; sourceTree = "<group>"; };
		6D5D85C02082F62300D8D902 /* YLNavigationController.m */ = {isa = PBXFileReference; lastKnownFileType = sourcecode.c.objc; path = YLNavigationController.m; sourceTree = "<group>"; };
		6D5D85C22082F64700D8D902 /* YLBookShelfController.h */ = {isa = PBXFileReference; lastKnownFileType = sourcecode.c.h; path = YLBookShelfController.h; sourceTree = "<group>"; };
		6D5D85C32082F64700D8D902 /* YLBookShelfController.m */ = {isa = PBXFileReference; lastKnownFileType = sourcecode.c.objc; path = YLBookShelfController.m; sourceTree = "<group>"; };
		6D5D85C52082FA8900D8D902 /* YLBookShelfCell.h */ = {isa = PBXFileReference; lastKnownFileType = sourcecode.c.h; path = YLBookShelfCell.h; sourceTree = "<group>"; };
		6D5D85C62082FA8900D8D902 /* YLBookShelfCell.m */ = {isa = PBXFileReference; lastKnownFileType = sourcecode.c.objc; path = YLBookShelfCell.m; sourceTree = "<group>"; };
		6D5D85C82083464800D8D902 /* YLStatics.h */ = {isa = PBXFileReference; lastKnownFileType = sourcecode.c.h; path = YLStatics.h; sourceTree = "<group>"; };
		6D5D85C9208390EA00D8D902 /* YLBookReadController.h */ = {isa = PBXFileReference; lastKnownFileType = sourcecode.c.h; path = YLBookReadController.h; sourceTree = "<group>"; };
		6D5D85CA208390EA00D8D902 /* YLBookReadController.m */ = {isa = PBXFileReference; lastKnownFileType = sourcecode.c.objc; path = YLBookReadController.m; sourceTree = "<group>"; };
		6D5D85CC2083915000D8D902 /* YLBookContentController.h */ = {isa = PBXFileReference; lastKnownFileType = sourcecode.c.h; path = YLBookContentController.h; sourceTree = "<group>"; };
		6D5D85CD2083915000D8D902 /* YLBookContentController.m */ = {isa = PBXFileReference; lastKnownFileType = sourcecode.c.objc; path = YLBookContentController.m; sourceTree = "<group>"; };
		6DF981D3207C693F009AE2C0 /* chapter_269231114.xhtml */ = {isa = PBXFileReference; fileEncoding = 4; lastKnownFileType = text.xml; path = chapter_269231114.xhtml; sourceTree = "<group>"; };
		6DF981D5207C6A1C009AE2C0 /* stylesheet.css */ = {isa = PBXFileReference; fileEncoding = 4; lastKnownFileType = text.css; path = stylesheet.css; sourceTree = "<group>"; };
		7110E20966599E6D73A299BD /* Pods-YLEpubReader.debug.xcconfig */ = {isa = PBXFileReference; includeInIndex = 1; lastKnownFileType = text.xcconfig; name = "Pods-YLEpubReader.debug.xcconfig"; path = "Pods/Target Support Files/Pods-YLEpubReader/Pods-YLEpubReader.debug.xcconfig"; sourceTree = "<group>"; };
		78F2FA183F137B79791BB807 /* libPods-YLEpubReaderUITests.a */ = {isa = PBXFileReference; explicitFileType = archive.ar; includeInIndex = 0; path = "libPods-YLEpubReaderUITests.a"; sourceTree = BUILT_PRODUCTS_DIR; };
		DAD13BA8329CB8C178385CC8 /* libPods-YLEpubReader.a */ = {isa = PBXFileReference; explicitFileType = archive.ar; includeInIndex = 0; path = "libPods-YLEpubReader.a"; sourceTree = BUILT_PRODUCTS_DIR; };
		E5FE05C5B88EE6062D0C90CD /* Pods-YLEpubReaderTests.debug.xcconfig */ = {isa = PBXFileReference; includeInIndex = 1; lastKnownFileType = text.xcconfig; name = "Pods-YLEpubReaderTests.debug.xcconfig"; path = "Pods/Target Support Files/Pods-YLEpubReaderTests/Pods-YLEpubReaderTests.debug.xcconfig"; sourceTree = "<group>"; };
		FE6E0CD90F7F8F2CFAC6FF6B /* libPods-YLEpubReaderTests.a */ = {isa = PBXFileReference; explicitFileType = archive.ar; includeInIndex = 0; path = "libPods-YLEpubReaderTests.a"; sourceTree = BUILT_PRODUCTS_DIR; };
/* End PBXFileReference section */

/* Begin PBXFrameworksBuildPhase section */
		6D4C1E672070E0BE00F897E4 /* Frameworks */ = {
			isa = PBXFrameworksBuildPhase;
			buildActionMask = 2147483647;
			files = (
				D4D24FF06F02E35D31BD4602 /* libPods-YLEpubReader.a in Frameworks */,
			);
			runOnlyForDeploymentPostprocessing = 0;
		};
		6D4C1E7F2070E0BE00F897E4 /* Frameworks */ = {
			isa = PBXFrameworksBuildPhase;
			buildActionMask = 2147483647;
			files = (
				7F9E4232F1B439C521320F0F /* libPods-YLEpubReaderTests.a in Frameworks */,
			);
			runOnlyForDeploymentPostprocessing = 0;
		};
		6D4C1E8A2070E0BE00F897E4 /* Frameworks */ = {
			isa = PBXFrameworksBuildPhase;
			buildActionMask = 2147483647;
			files = (
				6326EB1B0CBCD4FD82646FE5 /* libPods-YLEpubReaderUITests.a in Frameworks */,
			);
			runOnlyForDeploymentPostprocessing = 0;
		};
/* End PBXFrameworksBuildPhase section */

/* Begin PBXGroup section */
		6D4C1E612070E0BE00F897E4 = {
			isa = PBXGroup;
			children = (
				6DF981D5207C6A1C009AE2C0 /* stylesheet.css */,
				6DF981D3207C693F009AE2C0 /* chapter_269231114.xhtml */,
				6D3904092071D15B00348EAE /* column.html */,
				6D4C1E6C2070E0BE00F897E4 /* YLEpubReader */,
				6D4C1E852070E0BE00F897E4 /* YLEpubReaderTests */,
				6D4C1E902070E0BE00F897E4 /* YLEpubReaderUITests */,
				6D4C1E6B2070E0BE00F897E4 /* Products */,
				8B6A064A4169B58137ACBE2E /* Pods */,
				8DEA024C66FDEA13369C687C /* Frameworks */,
			);
			sourceTree = "<group>";
		};
		6D4C1E6B2070E0BE00F897E4 /* Products */ = {
			isa = PBXGroup;
			children = (
				6D4C1E6A2070E0BE00F897E4 /* YLEpubReader.app */,
				6D4C1E822070E0BE00F897E4 /* YLEpubReaderTests.xctest */,
				6D4C1E8D2070E0BE00F897E4 /* YLEpubReaderUITests.xctest */,
			);
			name = Products;
			sourceTree = "<group>";
		};
		6D4C1E6C2070E0BE00F897E4 /* YLEpubReader */ = {
			isa = PBXGroup;
			children = (
				6D5D85B82082F5F500D8D902 /* Base */,
				6D5D85A72082373A00D8D902 /* Common */,
				6D5D85AC2082373A00D8D902 /* EpubFiles */,
				6D5D85A32082373A00D8D902 /* WebViewEpub */,
				6D4C1E6D2070E0BE00F897E4 /* AppDelegate.h */,
				6D4C1E6E2070E0BE00F897E4 /* AppDelegate.m */,
				6D4C1E702070E0BE00F897E4 /* ViewController.h */,
				6D4C1E712070E0BE00F897E4 /* ViewController.m */,
				6D4C1E762070E0BE00F897E4 /* Assets.xcassets */,
				6D4C1E7B2070E0BE00F897E4 /* Info.plist */,
				6D4C1E7C2070E0BE00F897E4 /* main.m */,
				6D4C1E9F2070E2E000F897E4 /* YLTestViewController.h */,
				6D4C1EA02070E2E000F897E4 /* YLTestViewController.m */,
				6D5D85C22082F64700D8D902 /* YLBookShelfController.h */,
				6D5D85C32082F64700D8D902 /* YLBookShelfController.m */,
				6D5D85C52082FA8900D8D902 /* YLBookShelfCell.h */,
				6D5D85C62082FA8900D8D902 /* YLBookShelfCell.m */,
				6D5D85C9208390EA00D8D902 /* YLBookReadController.h */,
				6D5D85CA208390EA00D8D902 /* YLBookReadController.m */,
				6D5D85CC2083915000D8D902 /* YLBookContentController.h */,
				6D5D85CD2083915000D8D902 /* YLBookContentController.m */,
			);
			path = YLEpubReader;
			sourceTree = "<group>";
		};
		6D4C1E852070E0BE00F897E4 /* YLEpubReaderTests */ = {
			isa = PBXGroup;
			children = (
				6D4C1E862070E0BE00F897E4 /* YLEpubReaderTests.m */,
				6D4C1E882070E0BE00F897E4 /* Info.plist */,
			);
			path = YLEpubReaderTests;
			sourceTree = "<group>";
		};
		6D4C1E902070E0BE00F897E4 /* YLEpubReaderUITests */ = {
			isa = PBXGroup;
			children = (
				6D4C1E912070E0BE00F897E4 /* YLEpubReaderUITests.m */,
				6D4C1E932070E0BE00F897E4 /* Info.plist */,
			);
			path = YLEpubReaderUITests;
			sourceTree = "<group>";
		};
		6D5D85A32082373A00D8D902 /* WebViewEpub */ = {
			isa = PBXGroup;
			children = (
				6D5D85A42082373A00D8D902 /* Controllers */,
				6D5D85A52082373A00D8D902 /* Models */,
				6D5D85A62082373A00D8D902 /* Views */,
			);
			path = WebViewEpub;
			sourceTree = "<group>";
		};
		6D5D85A42082373A00D8D902 /* Controllers */ = {
			isa = PBXGroup;
			children = (
			);
			path = Controllers;
			sourceTree = "<group>";
		};
		6D5D85A52082373A00D8D902 /* Models */ = {
			isa = PBXGroup;
			children = (
			);
			path = Models;
			sourceTree = "<group>";
		};
		6D5D85A62082373A00D8D902 /* Views */ = {
			isa = PBXGroup;
			children = (
			);
			path = Views;
			sourceTree = "<group>";
		};
		6D5D85A72082373A00D8D902 /* Common */ = {
			isa = PBXGroup;
			children = (
				6D5D85A92082373A00D8D902 /* Models */,
				6D5D85AA2082373A00D8D902 /* Tools */,
				6D5D85AB2082373A00D8D902 /* Views */,
			);
			path = Common;
			sourceTree = "<group>";
		};
		6D5D85A92082373A00D8D902 /* Models */ = {
			isa = PBXGroup;
			children = (
				6D5D85B22082400600D8D902 /* YLEpub.h */,
				6D5D85B32082400600D8D902 /* YLEpub.m */,
			);
			path = Models;
			sourceTree = "<group>";
		};
		6D5D85AA2082373A00D8D902 /* Tools */ = {
			isa = PBXGroup;
			children = (
				6D058CA4208C6DCC00340A49 /* UIView+AOP.h */,
				6D058CA3208C6DCC00340A49 /* UIView+AOP.m */,
				6D5D85AF20823A8900D8D902 /* YLEpubManager.h */,
				6D5D85B020823A8900D8D902 /* YLEpubManager.m */,
				6D5D85B52082E52900D8D902 /* YLXMLManager.h */,
				6D5D85B62082E52900D8D902 /* YLXMLManager.m */,
				6D5D85C82083464800D8D902 /* YLStatics.h */,
			);
			path = Tools;
			sourceTree = "<group>";
		};
		6D5D85AB2082373A00D8D902 /* Views */ = {
			isa = PBXGroup;
			children = (
			);
			path = Views;
			sourceTree = "<group>";
		};
		6D5D85AC2082373A00D8D902 /* EpubFiles */ = {
			isa = PBXGroup;
			children = (
				6D5D85AD208239A200D8D902 /* 陈二狗的妖孽人生.epub */,
			);
			path = EpubFiles;
			sourceTree = "<group>";
		};
		6D5D85B82082F5F500D8D902 /* Base */ = {
			isa = PBXGroup;
			children = (
				6D5D85B92082F5F500D8D902 /* Controllers */,
				6D5D85BA2082F5F500D8D902 /* Models */,
				6D5D85BB2082F5F500D8D902 /* Views */,
			);
			path = Base;
			sourceTree = "<group>";
		};
		6D5D85B92082F5F500D8D902 /* Controllers */ = {
			isa = PBXGroup;
			children = (
				6D5D85BF2082F62300D8D902 /* YLNavigationController.h */,
				6D5D85C02082F62300D8D902 /* YLNavigationController.m */,
				6D5D85BC2082F60C00D8D902 /* YLBaseViewController.h */,
				6D5D85BD2082F60C00D8D902 /* YLBaseViewController.m */,
			);
			path = Controllers;
			sourceTree = "<group>";
		};
		6D5D85BA2082F5F500D8D902 /* Models */ = {
			isa = PBXGroup;
			children = (
			);
			path = Models;
			sourceTree = "<group>";
		};
		6D5D85BB2082F5F500D8D902 /* Views */ = {
			isa = PBXGroup;
			children = (
			);
			path = Views;
			sourceTree = "<group>";
		};
		8B6A064A4169B58137ACBE2E /* Pods */ = {
			isa = PBXGroup;
			children = (
				7110E20966599E6D73A299BD /* Pods-YLEpubReader.debug.xcconfig */,
				60ADB4485AE588B3C7BA0BAD /* Pods-YLEpubReader.release.xcconfig */,
				E5FE05C5B88EE6062D0C90CD /* Pods-YLEpubReaderTests.debug.xcconfig */,
				0AB2DE01A6B0ACB9221692A3 /* Pods-YLEpubReaderTests.release.xcconfig */,
				4B941FD416176B36F0EB707D /* Pods-YLEpubReaderUITests.debug.xcconfig */,
				012102435F144E540D373DCA /* Pods-YLEpubReaderUITests.release.xcconfig */,
			);
			name = Pods;
			sourceTree = "<group>";
		};
		8DEA024C66FDEA13369C687C /* Frameworks */ = {
			isa = PBXGroup;
			children = (
				DAD13BA8329CB8C178385CC8 /* libPods-YLEpubReader.a */,
				FE6E0CD90F7F8F2CFAC6FF6B /* libPods-YLEpubReaderTests.a */,
				78F2FA183F137B79791BB807 /* libPods-YLEpubReaderUITests.a */,
			);
			name = Frameworks;
			sourceTree = "<group>";
		};
/* End PBXGroup section */

/* Begin PBXNativeTarget section */
		6D4C1E692070E0BE00F897E4 /* YLEpubReader */ = {
			isa = PBXNativeTarget;
			buildConfigurationList = 6D4C1E962070E0BE00F897E4 /* Build configuration list for PBXNativeTarget "YLEpubReader" */;
			buildPhases = (
				F6BCB1127C683E6FFAA12CCC /* [CP] Check Pods Manifest.lock */,
				6D4C1E662070E0BE00F897E4 /* Sources */,
				6D4C1E672070E0BE00F897E4 /* Frameworks */,
				6D4C1E682070E0BE00F897E4 /* Resources */,
				71757DAA598EC851A1A20FB3 /* [CP] Embed Pods Frameworks */,
				D189F64E587636366A26E1C2 /* [CP] Copy Pods Resources */,
			);
			buildRules = (
			);
			dependencies = (
			);
			name = YLEpubReader;
			productName = YLEpubReader;
			productReference = 6D4C1E6A2070E0BE00F897E4 /* YLEpubReader.app */;
			productType = "com.apple.product-type.application";
		};
		6D4C1E812070E0BE00F897E4 /* YLEpubReaderTests */ = {
			isa = PBXNativeTarget;
			buildConfigurationList = 6D4C1E992070E0BE00F897E4 /* Build configuration list for PBXNativeTarget "YLEpubReaderTests" */;
			buildPhases = (
				8DC3EA3155B098CE4617EC23 /* [CP] Check Pods Manifest.lock */,
				6D4C1E7E2070E0BE00F897E4 /* Sources */,
				6D4C1E7F2070E0BE00F897E4 /* Frameworks */,
				6D4C1E802070E0BE00F897E4 /* Resources */,
				A474B1A07C2BAD8E6A50739C /* [CP] Embed Pods Frameworks */,
				5B7E06AD0FC6B47A8A906A48 /* [CP] Copy Pods Resources */,
			);
			buildRules = (
			);
			dependencies = (
				6D4C1E842070E0BE00F897E4 /* PBXTargetDependency */,
			);
			name = YLEpubReaderTests;
			productName = YLEpubReaderTests;
			productReference = 6D4C1E822070E0BE00F897E4 /* YLEpubReaderTests.xctest */;
			productType = "com.apple.product-type.bundle.unit-test";
		};
		6D4C1E8C2070E0BE00F897E4 /* YLEpubReaderUITests */ = {
			isa = PBXNativeTarget;
			buildConfigurationList = 6D4C1E9C2070E0BE00F897E4 /* Build configuration list for PBXNativeTarget "YLEpubReaderUITests" */;
			buildPhases = (
				CD0FA859116C0B84772C8A5E /* [CP] Check Pods Manifest.lock */,
				6D4C1E892070E0BE00F897E4 /* Sources */,
				6D4C1E8A2070E0BE00F897E4 /* Frameworks */,
				6D4C1E8B2070E0BE00F897E4 /* Resources */,
				EFEC660E55443517DCD4E07F /* [CP] Embed Pods Frameworks */,
				45CE8828259C1DC40B3D77E5 /* [CP] Copy Pods Resources */,
			);
			buildRules = (
			);
			dependencies = (
				6D4C1E8F2070E0BE00F897E4 /* PBXTargetDependency */,
			);
			name = YLEpubReaderUITests;
			productName = YLEpubReaderUITests;
			productReference = 6D4C1E8D2070E0BE00F897E4 /* YLEpubReaderUITests.xctest */;
			productType = "com.apple.product-type.bundle.ui-testing";
		};
/* End PBXNativeTarget section */

/* Begin PBXProject section */
		6D4C1E622070E0BE00F897E4 /* Project object */ = {
			isa = PBXProject;
			attributes = {
				LastUpgradeCheck = 0910;
				ORGANIZATIONNAME = "https://github.com/lqcjdx";
				TargetAttributes = {
					6D4C1E692070E0BE00F897E4 = {
						CreatedOnToolsVersion = 9.1;
						ProvisioningStyle = Automatic;
					};
					6D4C1E812070E0BE00F897E4 = {
						CreatedOnToolsVersion = 9.1;
						ProvisioningStyle = Automatic;
						TestTargetID = 6D4C1E692070E0BE00F897E4;
					};
					6D4C1E8C2070E0BE00F897E4 = {
						CreatedOnToolsVersion = 9.1;
						ProvisioningStyle = Automatic;
						TestTargetID = 6D4C1E692070E0BE00F897E4;
					};
				};
			};
			buildConfigurationList = 6D4C1E652070E0BE00F897E4 /* Build configuration list for PBXProject "YLEpubReader" */;
			compatibilityVersion = "Xcode 8.0";
			developmentRegion = en;
			hasScannedForEncodings = 0;
			knownRegions = (
				en,
				Base,
			);
			mainGroup = 6D4C1E612070E0BE00F897E4;
			productRefGroup = 6D4C1E6B2070E0BE00F897E4 /* Products */;
			projectDirPath = "";
			projectRoot = "";
			targets = (
				6D4C1E692070E0BE00F897E4 /* YLEpubReader */,
				6D4C1E812070E0BE00F897E4 /* YLEpubReaderTests */,
				6D4C1E8C2070E0BE00F897E4 /* YLEpubReaderUITests */,
			);
		};
/* End PBXProject section */

/* Begin PBXResourcesBuildPhase section */
		6D4C1E682070E0BE00F897E4 /* Resources */ = {
			isa = PBXResourcesBuildPhase;
			buildActionMask = 2147483647;
			files = (
				6D39040A2071D15B00348EAE /* column.html in Resources */,
				6DF981D4207C693F009AE2C0 /* chapter_269231114.xhtml in Resources */,
				6D5D85AE208239A200D8D902 /* 陈二狗的妖孽人生.epub in Resources */,
				6D4C1E772070E0BE00F897E4 /* Assets.xcassets in Resources */,
				6DF981D6207C6A1C009AE2C0 /* stylesheet.css in Resources */,
			);
			runOnlyForDeploymentPostprocessing = 0;
		};
		6D4C1E802070E0BE00F897E4 /* Resources */ = {
			isa = PBXResourcesBuildPhase;
			buildActionMask = 2147483647;
			files = (
			);
			runOnlyForDeploymentPostprocessing = 0;
		};
		6D4C1E8B2070E0BE00F897E4 /* Resources */ = {
			isa = PBXResourcesBuildPhase;
			buildActionMask = 2147483647;
			files = (
			);
			runOnlyForDeploymentPostprocessing = 0;
		};
/* End PBXResourcesBuildPhase section */

/* Begin PBXShellScriptBuildPhase section */
		45CE8828259C1DC40B3D77E5 /* [CP] Copy Pods Resources */ = {
			isa = PBXShellScriptBuildPhase;
			buildActionMask = 2147483647;
			files = (
			);
			inputPaths = (
			);
			name = "[CP] Copy Pods Resources";
			outputPaths = (
			);
			runOnlyForDeploymentPostprocessing = 0;
			shellPath = /bin/sh;
			shellScript = "\"${SRCROOT}/Pods/Target Support Files/Pods-YLEpubReaderUITests/Pods-YLEpubReaderUITests-resources.sh\"\n";
			showEnvVarsInLog = 0;
		};
		5B7E06AD0FC6B47A8A906A48 /* [CP] Copy Pods Resources */ = {
			isa = PBXShellScriptBuildPhase;
			buildActionMask = 2147483647;
			files = (
			);
			inputPaths = (
			);
			name = "[CP] Copy Pods Resources";
			outputPaths = (
			);
			runOnlyForDeploymentPostprocessing = 0;
			shellPath = /bin/sh;
			shellScript = "\"${SRCROOT}/Pods/Target Support Files/Pods-YLEpubReaderTests/Pods-YLEpubReaderTests-resources.sh\"\n";
			showEnvVarsInLog = 0;
		};
		71757DAA598EC851A1A20FB3 /* [CP] Embed Pods Frameworks */ = {
			isa = PBXShellScriptBuildPhase;
			buildActionMask = 2147483647;
			files = (
			);
			inputPaths = (
			);
			name = "[CP] Embed Pods Frameworks";
			outputPaths = (
			);
			runOnlyForDeploymentPostprocessing = 0;
			shellPath = /bin/sh;
			shellScript = "\"${SRCROOT}/Pods/Target Support Files/Pods-YLEpubReader/Pods-YLEpubReader-frameworks.sh\"\n";
			showEnvVarsInLog = 0;
		};
		8DC3EA3155B098CE4617EC23 /* [CP] Check Pods Manifest.lock */ = {
			isa = PBXShellScriptBuildPhase;
			buildActionMask = 2147483647;
			files = (
			);
			inputPaths = (
			);
			name = "[CP] Check Pods Manifest.lock";
			outputPaths = (
			);
			runOnlyForDeploymentPostprocessing = 0;
			shellPath = /bin/sh;
			shellScript = "diff \"${PODS_ROOT}/../Podfile.lock\" \"${PODS_ROOT}/Manifest.lock\" > /dev/null\nif [ $? != 0 ] ; then\n    # print error to STDERR\n    echo \"error: The sandbox is not in sync with the Podfile.lock. Run 'pod install' or update your CocoaPods installation.\" >&2\n    exit 1\nfi\n";
			showEnvVarsInLog = 0;
		};
		A474B1A07C2BAD8E6A50739C /* [CP] Embed Pods Frameworks */ = {
			isa = PBXShellScriptBuildPhase;
			buildActionMask = 2147483647;
			files = (
			);
			inputPaths = (
			);
			name = "[CP] Embed Pods Frameworks";
			outputPaths = (
			);
			runOnlyForDeploymentPostprocessing = 0;
			shellPath = /bin/sh;
			shellScript = "\"${SRCROOT}/Pods/Target Support Files/Pods-YLEpubReaderTests/Pods-YLEpubReaderTests-frameworks.sh\"\n";
			showEnvVarsInLog = 0;
		};
		CD0FA859116C0B84772C8A5E /* [CP] Check Pods Manifest.lock */ = {
			isa = PBXShellScriptBuildPhase;
			buildActionMask = 2147483647;
			files = (
			);
			inputPaths = (
			);
			name = "[CP] Check Pods Manifest.lock";
			outputPaths = (
			);
			runOnlyForDeploymentPostprocessing = 0;
			shellPath = /bin/sh;
			shellScript = "diff \"${PODS_ROOT}/../Podfile.lock\" \"${PODS_ROOT}/Manifest.lock\" > /dev/null\nif [ $? != 0 ] ; then\n    # print error to STDERR\n    echo \"error: The sandbox is not in sync with the Podfile.lock. Run 'pod install' or update your CocoaPods installation.\" >&2\n    exit 1\nfi\n";
			showEnvVarsInLog = 0;
		};
		D189F64E587636366A26E1C2 /* [CP] Copy Pods Resources */ = {
			isa = PBXShellScriptBuildPhase;
			buildActionMask = 2147483647;
			files = (
			);
			inputPaths = (
			);
			name = "[CP] Copy Pods Resources";
			outputPaths = (
			);
			runOnlyForDeploymentPostprocessing = 0;
			shellPath = /bin/sh;
			shellScript = "\"${SRCROOT}/Pods/Target Support Files/Pods-YLEpubReader/Pods-YLEpubReader-resources.sh\"\n";
			showEnvVarsInLog = 0;
		};
		EFEC660E55443517DCD4E07F /* [CP] Embed Pods Frameworks */ = {
			isa = PBXShellScriptBuildPhase;
			buildActionMask = 2147483647;
			files = (
			);
			inputPaths = (
			);
			name = "[CP] Embed Pods Frameworks";
			outputPaths = (
			);
			runOnlyForDeploymentPostprocessing = 0;
			shellPath = /bin/sh;
			shellScript = "\"${SRCROOT}/Pods/Target Support Files/Pods-YLEpubReaderUITests/Pods-YLEpubReaderUITests-frameworks.sh\"\n";
			showEnvVarsInLog = 0;
		};
		F6BCB1127C683E6FFAA12CCC /* [CP] Check Pods Manifest.lock */ = {
			isa = PBXShellScriptBuildPhase;
			buildActionMask = 2147483647;
			files = (
			);
			inputPaths = (
			);
			name = "[CP] Check Pods Manifest.lock";
			outputPaths = (
			);
			runOnlyForDeploymentPostprocessing = 0;
			shellPath = /bin/sh;
			shellScript = "diff \"${PODS_ROOT}/../Podfile.lock\" \"${PODS_ROOT}/Manifest.lock\" > /dev/null\nif [ $? != 0 ] ; then\n    # print error to STDERR\n    echo \"error: The sandbox is not in sync with the Podfile.lock. Run 'pod install' or update your CocoaPods installation.\" >&2\n    exit 1\nfi\n";
			showEnvVarsInLog = 0;
		};
/* End PBXShellScriptBuildPhase section */

/* Begin PBXSourcesBuildPhase section */
		6D4C1E662070E0BE00F897E4 /* Sources */ = {
			isa = PBXSourcesBuildPhase;
			buildActionMask = 2147483647;
			files = (
				6D5D85BE2082F60C00D8D902 /* YLBaseViewController.m in Sources */,
				6D5D85CB208390EA00D8D902 /* YLBookReadController.m in Sources */,
				6D5D85CE2083915000D8D902 /* YLBookContentController.m in Sources */,
				6D058CA5208C6DCC00340A49 /* UIView+AOP.m in Sources */,
				6D5D85B42082400600D8D902 /* YLEpub.m in Sources */,
				6D4C1E722070E0BE00F897E4 /* ViewController.m in Sources */,
				6D4C1EA12070E2E000F897E4 /* YLTestViewController.m in Sources */,
				6D4C1E7D2070E0BE00F897E4 /* main.m in Sources */,
				6D5D85C12082F62300D8D902 /* YLNavigationController.m in Sources */,
				6D5D85B120823A8900D8D902 /* YLEpubManager.m in Sources */,
				6D4C1E6F2070E0BE00F897E4 /* AppDelegate.m in Sources */,
				6D5D85C72082FA8900D8D902 /* YLBookShelfCell.m in Sources */,
				6D5D85C42082F64700D8D902 /* YLBookShelfController.m in Sources */,
				6D5D85B72082E52900D8D902 /* YLXMLManager.m in Sources */,
			);
			runOnlyForDeploymentPostprocessing = 0;
		};
		6D4C1E7E2070E0BE00F897E4 /* Sources */ = {
			isa = PBXSourcesBuildPhase;
			buildActionMask = 2147483647;
			files = (
				6D4C1E872070E0BE00F897E4 /* YLEpubReaderTests.m in Sources */,
			);
			runOnlyForDeploymentPostprocessing = 0;
		};
		6D4C1E892070E0BE00F897E4 /* Sources */ = {
			isa = PBXSourcesBuildPhase;
			buildActionMask = 2147483647;
			files = (
				6D4C1E922070E0BE00F897E4 /* YLEpubReaderUITests.m in Sources */,
			);
			runOnlyForDeploymentPostprocessing = 0;
		};
/* End PBXSourcesBuildPhase section */

/* Begin PBXTargetDependency section */
		6D4C1E842070E0BE00F897E4 /* PBXTargetDependency */ = {
			isa = PBXTargetDependency;
			target = 6D4C1E692070E0BE00F897E4 /* YLEpubReader */;
			targetProxy = 6D4C1E832070E0BE00F897E4 /* PBXContainerItemProxy */;
		};
		6D4C1E8F2070E0BE00F897E4 /* PBXTargetDependency */ = {
			isa = PBXTargetDependency;
			target = 6D4C1E692070E0BE00F897E4 /* YLEpubReader */;
			targetProxy = 6D4C1E8E2070E0BE00F897E4 /* PBXContainerItemProxy */;
		};
/* End PBXTargetDependency section */

/* Begin XCBuildConfiguration section */
		6D4C1E942070E0BE00F897E4 /* Debug */ = {
			isa = XCBuildConfiguration;
			buildSettings = {
				ALWAYS_SEARCH_USER_PATHS = NO;
				CLANG_ANALYZER_NONNULL = YES;
				CLANG_ANALYZER_NUMBER_OBJECT_CONVERSION = YES_AGGRESSIVE;
				CLANG_CXX_LANGUAGE_STANDARD = "gnu++14";
				CLANG_CXX_LIBRARY = "libc++";
				CLANG_ENABLE_MODULES = YES;
				CLANG_ENABLE_OBJC_ARC = YES;
				CLANG_WARN_BLOCK_CAPTURE_AUTORELEASING = YES;
				CLANG_WARN_BOOL_CONVERSION = YES;
				CLANG_WARN_COMMA = YES;
				CLANG_WARN_CONSTANT_CONVERSION = YES;
				CLANG_WARN_DIRECT_OBJC_ISA_USAGE = YES_ERROR;
				CLANG_WARN_DOCUMENTATION_COMMENTS = YES;
				CLANG_WARN_EMPTY_BODY = YES;
				CLANG_WARN_ENUM_CONVERSION = YES;
				CLANG_WARN_INFINITE_RECURSION = YES;
				CLANG_WARN_INT_CONVERSION = YES;
				CLANG_WARN_NON_LITERAL_NULL_CONVERSION = YES;
				CLANG_WARN_OBJC_LITERAL_CONVERSION = YES;
				CLANG_WARN_OBJC_ROOT_CLASS = YES_ERROR;
				CLANG_WARN_RANGE_LOOP_ANALYSIS = YES;
				CLANG_WARN_STRICT_PROTOTYPES = YES;
				CLANG_WARN_SUSPICIOUS_MOVE = YES;
				CLANG_WARN_UNGUARDED_AVAILABILITY = YES_AGGRESSIVE;
				CLANG_WARN_UNREACHABLE_CODE = YES;
				CLANG_WARN__DUPLICATE_METHOD_MATCH = YES;
				CODE_SIGN_IDENTITY = "iPhone Developer";
				COPY_PHASE_STRIP = NO;
				DEBUG_INFORMATION_FORMAT = dwarf;
				ENABLE_STRICT_OBJC_MSGSEND = YES;
				ENABLE_TESTABILITY = YES;
				GCC_C_LANGUAGE_STANDARD = gnu11;
				GCC_DYNAMIC_NO_PIC = NO;
				GCC_NO_COMMON_BLOCKS = YES;
				GCC_OPTIMIZATION_LEVEL = 0;
				GCC_PREPROCESSOR_DEFINITIONS = (
					"DEBUG=1",
					"$(inherited)",
				);
				GCC_WARN_64_TO_32_BIT_CONVERSION = YES;
				GCC_WARN_ABOUT_RETURN_TYPE = YES_ERROR;
				GCC_WARN_UNDECLARED_SELECTOR = YES;
				GCC_WARN_UNINITIALIZED_AUTOS = YES_AGGRESSIVE;
				GCC_WARN_UNUSED_FUNCTION = YES;
				GCC_WARN_UNUSED_VARIABLE = YES;
				IPHONEOS_DEPLOYMENT_TARGET = 8.0;
				MTL_ENABLE_DEBUG_INFO = YES;
				ONLY_ACTIVE_ARCH = YES;
				SDKROOT = iphoneos;
			};
			name = Debug;
		};
		6D4C1E952070E0BE00F897E4 /* Release */ = {
			isa = XCBuildConfiguration;
			buildSettings = {
				ALWAYS_SEARCH_USER_PATHS = NO;
				CLANG_ANALYZER_NONNULL = YES;
				CLANG_ANALYZER_NUMBER_OBJECT_CONVERSION = YES_AGGRESSIVE;
				CLANG_CXX_LANGUAGE_STANDARD = "gnu++14";
				CLANG_CXX_LIBRARY = "libc++";
				CLANG_ENABLE_MODULES = YES;
				CLANG_ENABLE_OBJC_ARC = YES;
				CLANG_WARN_BLOCK_CAPTURE_AUTORELEASING = YES;
				CLANG_WARN_BOOL_CONVERSION = YES;
				CLANG_WARN_COMMA = YES;
				CLANG_WARN_CONSTANT_CONVERSION = YES;
				CLANG_WARN_DIRECT_OBJC_ISA_USAGE = YES_ERROR;
				CLANG_WARN_DOCUMENTATION_COMMENTS = YES;
				CLANG_WARN_EMPTY_BODY = YES;
				CLANG_WARN_ENUM_CONVERSION = YES;
				CLANG_WARN_INFINITE_RECURSION = YES;
				CLANG_WARN_INT_CONVERSION = YES;
				CLANG_WARN_NON_LITERAL_NULL_CONVERSION = YES;
				CLANG_WARN_OBJC_LITERAL_CONVERSION = YES;
				CLANG_WARN_OBJC_ROOT_CLASS = YES_ERROR;
				CLANG_WARN_RANGE_LOOP_ANALYSIS = YES;
				CLANG_WARN_STRICT_PROTOTYPES = YES;
				CLANG_WARN_SUSPICIOUS_MOVE = YES;
				CLANG_WARN_UNGUARDED_AVAILABILITY = YES_AGGRESSIVE;
				CLANG_WARN_UNREACHABLE_CODE = YES;
				CLANG_WARN__DUPLICATE_METHOD_MATCH = YES;
				CODE_SIGN_IDENTITY = "iPhone Developer";
				COPY_PHASE_STRIP = NO;
				DEBUG_INFORMATION_FORMAT = "dwarf-with-dsym";
				ENABLE_NS_ASSERTIONS = NO;
				ENABLE_STRICT_OBJC_MSGSEND = YES;
				GCC_C_LANGUAGE_STANDARD = gnu11;
				GCC_NO_COMMON_BLOCKS = YES;
				GCC_WARN_64_TO_32_BIT_CONVERSION = YES;
				GCC_WARN_ABOUT_RETURN_TYPE = YES_ERROR;
				GCC_WARN_UNDECLARED_SELECTOR = YES;
				GCC_WARN_UNINITIALIZED_AUTOS = YES_AGGRESSIVE;
				GCC_WARN_UNUSED_FUNCTION = YES;
				GCC_WARN_UNUSED_VARIABLE = YES;
				IPHONEOS_DEPLOYMENT_TARGET = 8.0;
				MTL_ENABLE_DEBUG_INFO = NO;
				SDKROOT = iphoneos;
				VALIDATE_PRODUCT = YES;
			};
			name = Release;
		};
		6D4C1E972070E0BE00F897E4 /* Debug */ = {
			isa = XCBuildConfiguration;
			baseConfigurationReference = 7110E20966599E6D73A299BD /* Pods-YLEpubReader.debug.xcconfig */;
			buildSettings = {
				ASSETCATALOG_COMPILER_APPICON_NAME = AppIcon;
				ASSETCATALOG_COMPILER_LAUNCHIMAGE_NAME = LaunchImage;
				CODE_SIGN_STYLE = Automatic;
				INFOPLIST_FILE = YLEpubReader/Info.plist;
				LD_RUNPATH_SEARCH_PATHS = "$(inherited) @executable_path/Frameworks";
				PRODUCT_BUNDLE_IDENTIFIER = "https---github.com-lqcjdx.YLEpubReader";
				PRODUCT_NAME = "$(TARGET_NAME)";
				TARGETED_DEVICE_FAMILY = "1,2";
				USER_HEADER_SEARCH_PATHS = "${SRCROOT}/**";
			};
			name = Debug;
		};
		6D4C1E982070E0BE00F897E4 /* Release */ = {
			isa = XCBuildConfiguration;
			baseConfigurationReference = 60ADB4485AE588B3C7BA0BAD /* Pods-YLEpubReader.release.xcconfig */;
			buildSettings = {
				ASSETCATALOG_COMPILER_APPICON_NAME = AppIcon;
				ASSETCATALOG_COMPILER_LAUNCHIMAGE_NAME = LaunchImage;
				CODE_SIGN_STYLE = Automatic;
				INFOPLIST_FILE = YLEpubReader/Info.plist;
				LD_RUNPATH_SEARCH_PATHS = "$(inherited) @executable_path/Frameworks";
				PRODUCT_BUNDLE_IDENTIFIER = "https---github.com-lqcjdx.YLEpubReader";
				PRODUCT_NAME = "$(TARGET_NAME)";
				TARGETED_DEVICE_FAMILY = "1,2";
				USER_HEADER_SEARCH_PATHS = "${SRCROOT}/**";
			};
			name = Release;
		};
		6D4C1E9A2070E0BE00F897E4 /* Debug */ = {
			isa = XCBuildConfiguration;
			baseConfigurationReference = E5FE05C5B88EE6062D0C90CD /* Pods-YLEpubReaderTests.debug.xcconfig */;
			buildSettings = {
				BUNDLE_LOADER = "$(TEST_HOST)";
				CODE_SIGN_STYLE = Automatic;
				INFOPLIST_FILE = YLEpubReaderTests/Info.plist;
				LD_RUNPATH_SEARCH_PATHS = "$(inherited) @executable_path/Frameworks @loader_path/Frameworks";
				PRODUCT_BUNDLE_IDENTIFIER = "https---github.com-lqcjdx.YLEpubReaderTests";
				PRODUCT_NAME = "$(TARGET_NAME)";
				TARGETED_DEVICE_FAMILY = "1,2";
				TEST_HOST = "$(BUILT_PRODUCTS_DIR)/YLEpubReader.app/YLEpubReader";
			};
			name = Debug;
		};
		6D4C1E9B2070E0BE00F897E4 /* Release */ = {
			isa = XCBuildConfiguration;
			baseConfigurationReference = 0AB2DE01A6B0ACB9221692A3 /* Pods-YLEpubReaderTests.release.xcconfig */;
			buildSettings = {
				BUNDLE_LOADER = "$(TEST_HOST)";
				CODE_SIGN_STYLE = Automatic;
				INFOPLIST_FILE = YLEpubReaderTests/Info.plist;
				LD_RUNPATH_SEARCH_PATHS = "$(inherited) @executable_path/Frameworks @loader_path/Frameworks";
				PRODUCT_BUNDLE_IDENTIFIER = "https---github.com-lqcjdx.YLEpubReaderTests";
				PRODUCT_NAME = "$(TARGET_NAME)";
				TARGETED_DEVICE_FAMILY = "1,2";
				TEST_HOST = "$(BUILT_PRODUCTS_DIR)/YLEpubReader.app/YLEpubReader";
			};
			name = Release;
		};
		6D4C1E9D2070E0BE00F897E4 /* Debug */ = {
			isa = XCBuildConfiguration;
			baseConfigurationReference = 4B941FD416176B36F0EB707D /* Pods-YLEpubReaderUITests.debug.xcconfig */;
			buildSettings = {
				CODE_SIGN_STYLE = Automatic;
				INFOPLIST_FILE = YLEpubReaderUITests/Info.plist;
				LD_RUNPATH_SEARCH_PATHS = "$(inherited) @executable_path/Frameworks @loader_path/Frameworks";
				PRODUCT_BUNDLE_IDENTIFIER = "https---github.com-lqcjdx.YLEpubReaderUITests";
				PRODUCT_NAME = "$(TARGET_NAME)";
				TARGETED_DEVICE_FAMILY = "1,2";
				TEST_TARGET_NAME = YLEpubReader;
			};
			name = Debug;
		};
		6D4C1E9E2070E0BE00F897E4 /* Release */ = {
			isa = XCBuildConfiguration;
			baseConfigurationReference = 012102435F144E540D373DCA /* Pods-YLEpubReaderUITests.release.xcconfig */;
			buildSettings = {
				CODE_SIGN_STYLE = Automatic;
				INFOPLIST_FILE = YLEpubReaderUITests/Info.plist;
				LD_RUNPATH_SEARCH_PATHS = "$(inherited) @executable_path/Frameworks @loader_path/Frameworks";
				PRODUCT_BUNDLE_IDENTIFIER = "https---github.com-lqcjdx.YLEpubReaderUITests";
				PRODUCT_NAME = "$(TARGET_NAME)";
				TARGETED_DEVICE_FAMILY = "1,2";
				TEST_TARGET_NAME = YLEpubReader;
			};
			name = Release;
		};
/* End XCBuildConfiguration section */

/* Begin XCConfigurationList section */
		6D4C1E652070E0BE00F897E4 /* Build configuration list for PBXProject "YLEpubReader" */ = {
			isa = XCConfigurationList;
			buildConfigurations = (
				6D4C1E942070E0BE00F897E4 /* Debug */,
				6D4C1E952070E0BE00F897E4 /* Release */,
			);
			defaultConfigurationIsVisible = 0;
			defaultConfigurationName = Release;
		};
		6D4C1E962070E0BE00F897E4 /* Build configuration list for PBXNativeTarget "YLEpubReader" */ = {
			isa = XCConfigurationList;
			buildConfigurations = (
				6D4C1E972070E0BE00F897E4 /* Debug */,
				6D4C1E982070E0BE00F897E4 /* Release */,
			);
			defaultConfigurationIsVisible = 0;
			defaultConfigurationName = Release;
		};
		6D4C1E992070E0BE00F897E4 /* Build configuration list for PBXNativeTarget "YLEpubReaderTests" */ = {
			isa = XCConfigurationList;
			buildConfigurations = (
				6D4C1E9A2070E0BE00F897E4 /* Debug */,
				6D4C1E9B2070E0BE00F897E4 /* Release */,
			);
			defaultConfigurationIsVisible = 0;
			defaultConfigurationName = Release;
		};
		6D4C1E9C2070E0BE00F897E4 /* Build configuration list for PBXNativeTarget "YLEpubReaderUITests" */ = {
			isa = XCConfigurationList;
			buildConfigurations = (
				6D4C1E9D2070E0BE00F897E4 /* Debug */,
				6D4C1E9E2070E0BE00F897E4 /* Release */,
			);
			defaultConfigurationIsVisible = 0;
			defaultConfigurationName = Release;
		};
/* End XCConfigurationList section */
	};
	rootObject = 6D4C1E622070E0BE00F897E4 /* Project object */;
}
